# THIS IS AN AUTOGENERATED FILE. DO NOT EDIT THIS FILE DIRECTLY.
# yarn lockfile v1


framer-motion@^12.6.3:
  version "12.6.3"
  resolved "https://registry.yarnpkg.com/framer-motion/-/framer-motion-12.6.3.tgz#ee8e1a7c55e9a0f2d5afe6c23d1c7a7c2e4c8edc"
  integrity sha512-2hsqknz23aloK85bzMc9nSR2/JP+fValQ459ZTVElFQ0xgwR2YqNjYSuDZdFBPOwVCt4Q9jgyTt6hg6sVOALzw==
  dependencies:
    motion-dom "^12.6.3"
    motion-utils "^12.6.3"
    tslib "^2.4.0"

howler@^2.2.4:
  version "2.2.4"
  resolved "https://registry.yarnpkg.com/howler/-/howler-2.2.4.tgz#bd3df4a4f68a0118a51e4bd84a2bfc2e93e6e5a1"
  integrity sha512-iARIBPgcQrwtEr+tALF+rapJ8qSc+Set2GJQl7xT1MQzWaVkFebdJhR3alVlSiUf5U7nAANKuj3aWpwerocD5w==

motion-dom@^12.6.3:
  version "12.6.3"
  resolved "https://registry.yarnpkg.com/motion-dom/-/motion-dom-12.6.3.tgz#7cb8af2757bbe56c87dd3cbc20f35bd9c7dfba1d"
  integrity sha512-gRY08RjcnzgFYLemUZ1lo/e9RkBxR+6d4BRvoeZDSeArG4XQXERSPapKl3LNQRu22Sndjf1h+iavgY0O4NrYqA==
  dependencies:
    motion-utils "^12.6.3"

motion-utils@^12.6.3:
  version "12.6.3"
  resolved "https://registry.yarnpkg.com/motion-utils/-/motion-utils-12.6.3.tgz#6f80e0b6d203b7a915cc6451860467e61590c077"
  integrity sha512-R/b3Ia2VxtTNZ4LTEO5pKYau1OUNHOuUfxuP0WFCTDYdHkeTBR9UtxR1cc8mDmKr8PEhmmfnTKGz3rSMjNRoRg==

tslib@^2.4.0:
  version "2.8.1"
  resolved "https://registry.yarnpkg.com/tslib/-/tslib-2.8.1.tgz#612efe4ed235d567e8aba5f2a5fab70280ade83f"
  integrity sha512-oJFu94HQb+KVduSUQL7wnpmqnfmLsOA/nAh6b6EH0wCEoK0/mPeXU6c3wKDV83MkOuHPRHtSXKKU99IBazS/2w==

use-sound@^5.0.0:
  version "5.0.0"
  resolved "https://registry.yarnpkg.com/use-sound/-/use-sound-5.0.0.tgz#62894ecf5ac3810c3f105c783bb93b15ad9157a6"
  integrity sha512-MNHT3FFC5HxNCrgZtrnpIMJI2cw/0D2xismcrtyht8BTuF5FhFhb57xO/jlQr2xJaFrc/0btzRQvGyHQwB7PVA==
  dependencies:
    howler "^2.2.4"
